
Microsoft Visual Studio Solution File, Format Version 12.00
# Visual Studio Version 17
VisualStudioVersion = 17.3.32922.545
MinimumVisualStudioVersion = 10.0.40219.1
Project("{FAE04EC0-301F-11D3-BF4B-00C04F79EFBC}") = "WaterTap.Api", "WaterTap.Api\WaterTap.Api.csproj", "{A497BF64-DA6A-443A-9FE1-9C6022CA3B0A}"
EndProject
Global
	GlobalSection(SolutionConfigurationPlatforms) = preSolution
		Debug|Any CPU = Debug|Any CPU
		Release|Any CPU = Release|Any CPU
	EndGlobalSection
	GlobalSection(ProjectConfigurationPlatforms) = postSolution
		{A497BF64-DA6A-443A-9FE1-9C6022CA3B0A}.Debug|Any CPU.ActiveCfg = Debug|Any CPU
		{A497BF64-DA6A-443A-9FE1-9C6022CA3B0A}.Debug|Any CPU.Build.0 = Debug|Any CPU
		{A497BF64-DA6A-443A-9FE1-9C6022CA3B0A}.Release|Any CPU.ActiveCfg = Release|Any CPU
		{A497BF64-DA6A-443A-9FE1-9C6022CA3B0A}.Release|Any CPU.Build.0 = Release|Any CPU
	EndGlobalSection
	GlobalSection(SolutionProperties) = preSolution
		HideSolutionNode = FALSE
	EndGlobalSection
	GlobalSection(ExtensibilityGlobals) = postSolution
		SolutionGuid = {5E54DF05-AB98-4CC4-AEA3-B02BB3F09DCB}
	EndGlobalSection
EndGlobal
